// !$*UTF8*$!
{
	archiveVersion = 1;
	classes = {
	};
	objectVersion = 50;
	objects = {

/* Begin PBXBuildFile section */
		2BEA6AF821425A95003E8FEE /* AppDelegate.m in Sources */ = {isa = PBXBuildFile; fileRef = 2BEA6AF721425A95003E8FEE /* AppDelegate.m */; };
		2BEA6AFB21425A95003E8FEE /* ViewController.m in Sources */ = {isa = PBXBuildFile; fileRef = 2BEA6AFA21425A95003E8FEE /* ViewController.m */; };
		2BEA6AFE21425A95003E8FEE /* Main.storyboard in Resources */ = {isa = PBXBuildFile; fileRef = 2BEA6AFC21425A95003E8FEE /* Main.storyboard */; };
		2BEA6B0021425A96003E8FEE /* Assets.xcassets in Resources */ = {isa = PBXBuildFile; fileRef = 2BEA6AFF21425A96003E8FEE /* Assets.xcassets */; };
		2BEA6B0321425A96003E8FEE /* LaunchScreen.storyboard in Resources */ = {isa = PBXBuildFile; fileRef = 2BEA6B0121425A96003E8FEE /* LaunchScreen.storyboard */; };
		2BEA6B0621425A96003E8FEE /* main.m in Sources */ = {isa = PBXBuildFile; fileRef = 2BEA6B0521425A96003E8FEE /* main.m */; };
/* End PBXBuildFile section */

/* Begin PBXFileReference section */
		2BEA6AF321425A95003E8FEE /* KDAVFoundationTest.app */ = {isa = PBXFileReference; explicitFileType = wrapper.application; includeInIndex = 0; path = KDAVFoundationTest.app; sourceTree = BUILT_PRODUCTS_DIR; };
		2BEA6AF621425A95003E8FEE /* AppDelegate.h */ = {isa = PBXFileReference; lastKnownFileType = sourcecode.c.h; path = AppDelegate.h; sourceTree = "<group>"; };
		2BEA6AF721425A95003E8FEE /* AppDelegate.m */ = {isa = PBXFileReference; lastKnownFileType = sourcecode.c.objc; path = AppDelegate.m; sourceTree = "<group>"; };
		2BEA6AF921425A95003E8FEE /* ViewController.h */ = {isa = PBXFileReference; lastKnownFileType = sourcecode.c.h; path = ViewController.h; sourceTree = "<group>"; };
		2BEA6AFA21425A95003E8FEE /* ViewController.m */ = {isa = PBXFileReference; lastKnownFileType = sourcecode.c.objc; path = ViewController.m; sourceTree = "<group>"; };
		2BEA6AFD21425A95003E8FEE /* Base */ = {isa = PBXFileReference; lastKnownFileType = file.storyboard; name = Base; path = Base.lproj/Main.storyboard; sourceTree = "<group>"; };
		2BEA6AFF21425A96003E8FEE /* Assets.xcassets */ = {isa = PBXFileReference; lastKnownFileType = folder.assetcatalog; path = Assets.xcassets; sourceTree = "<group>"; };
		2BEA6B0221425A96003E8FEE /* Base */ = {isa = PBXFileReference; lastKnownFileType = file.storyboard; name = Base; path = Base.lproj/LaunchScreen.storyboard; sourceTree = "<group>"; };
		2BEA6B0421425A96003E8FEE /* Info.plist */ = {isa = PBXFileReference; lastKnownFileType = text.plist.xml; path = Info.plist; sourceTree = "<group>"; };
		2BEA6B0521425A96003E8FEE /* main.m */ = {isa = PBXFileReference; lastKnownFileType = sourcecode.c.objc; path = main.m; sourceTree = "<group>"; };
/* End PBXFileReference section */

/* Begin PBXFrameworksBuildPhase section */
		2BEA6AF021425A95003E8FEE /* Frameworks */ = {
			isa = PBXFrameworksBuildPhase;
			buildActionMask = 2147483647;
			files = (
			);
			runOnlyForDeploymentPostprocessing = 0;
		};
/* End PBXFrameworksBuildPhase section */

/* Begin PBXGroup section */
		2BEA6AEA21425A95003E8FEE = {
			isa = PBXGroup;
			children = (
				2BEA6AF521425A95003E8FEE /* KDAVFoundationTest */,
				2BEA6AF421425A95003E8FEE /* Products */,
			);
			sourceTree = "<group>";
		};
		2BEA6AF421425A95003E8FEE /* Products */ = {
			isa = PBXGroup;
			children = (
				2BEA6AF321425A95003E8FEE /* KDAVFoundationTest.app */,
			);
			name = Products;
			sourceTree = "<group>";
		};
		2BEA6AF521425A95003E8FEE /* KDAVFoundationTest */ = {
			isa = PBXGroup;
			children = (
				2BEA6AF621425A95003E8FEE /* AppDelegate.h */,
				2BEA6AF721425A95003E8FEE /* AppDelegate.m */,
				2BEA6AF921425A95003E8FEE /* ViewController.h */,
				2BEA6AFA21425A95003E8FEE /* ViewController.m */,
				2BEA6AFC21425A95003E8FEE /* Main.storyboard */,
				2BEA6AFF21425A96003E8FEE /* Assets.xcassets */,
				2BEA6B0121425A96003E8FEE /* LaunchScreen.storyboard */,
				2BEA6B0421425A96003E8FEE /* Info.plist */,
				2BEA6B0521425A96003E8FEE /* main.m */,
			);
			path = KDAVFoundationTest;
			sourceTree = "<group>";
		};
/* End PBXGroup section */

/* Begin PBXNativeTarget section */
		2BEA6AF221425A95003E8FEE /* KDAVFoundationTest */ = {
			isa = PBXNativeTarget;
			buildConfigurationList = 2BEA6B0921425A96003E8FEE /* Build configuration list for PBXNativeTarget "KDAVFoundationTest" */;
			buildPhases = (
				2BEA6AEF21425A95003E8FEE /* Sources */,
				2BEA6AF021425A95003E8FEE /* Frameworks */,
				2BEA6AF121425A95003E8FEE /* Resources */,
			);
			buildRules = (
			);
			dependencies = (
			);
			name = KDAVFoundationTest;
			productName = KDAVFoundationTest;
			productReference = 2BEA6AF321425A95003E8FEE /* KDAVFoundationTest.app */;
			productType = "com.apple.product-type.application";
		};
/* End PBXNativeTarget section */

/* Begin PBXProject section */
		2BEA6AEB21425A95003E8FEE /* Project object */ = {
			isa = PBXProject;
			attributes = {
				LastUpgradeCheck = 0930;
				ORGANIZATIONNAME = csyibei;
				TargetAttributes = {
					2BEA6AF221425A95003E8FEE = {
						CreatedOnToolsVersion = 9.3;
					};
				};
			};
			buildConfigurationList = 2BEA6AEE21425A95003E8FEE /* Build configuration list for PBXProject "KDAVFoundationTest" */;
			compatibilityVersion = "Xcode 9.3";
			developmentRegion = en;
			hasScannedForEncodings = 0;
			knownRegions = (
				en,
				Base,
			);
			mainGroup = 2BEA6AEA21425A95003E8FEE;
			productRefGroup = 2BEA6AF421425A95003E8FEE /* Products */;
			projectDirPath = "";
			projectRoot = "";
			targets = (
				2BEA6AF221425A95003E8FEE /* KDAVFoundationTest */,
			);
		};
/* End PBXProject section */

/* Begin PBXResourcesBuildPhase section */
		2BEA6AF121425A95003E8FEE /* Resources */ = {
			isa = PBXResourcesBuildPhase;
			buildActionMask = 2147483647;
			files = (
				2BEA6B0321425A96003E8FEE /* LaunchScreen.storyboard in Resources */,
				2BEA6B0021425A96003E8FEE /* Assets.xcassets in Resources */,
				2BEA6AFE21425A95003E8FEE /* Main.storyboard in Resources */,
			);
			runOnlyForDeploymentPostprocessing = 0;
		};
/* End PBXResourcesBuildPhase section */

/* Begin PBXSourcesBuildPhase section */
		2BEA6AEF21425A95003E8FEE /* Sources */ = {
			isa = PBXSourcesBuildPhase;
			buildActionMask = 2147483647;
			files = (
				2BEA6AFB21425A95003E8FEE /* ViewController.m in Sources */,
				2BEA6B0621425A96003E8FEE /* main.m in Sources */,
				2BEA6AF821425A95003E8FEE /* AppDelegate.m in Sources */,
			);
			runOnlyForDeploymentPostprocessing = 0;
		};
/* End PBXSourcesBuildPhase section */

/* Begin PBXVariantGroup section */
		2BEA6AFC21425A95003E8FEE /* Main.storyboard */ = {
			isa = PBXVariantGroup;
			children = (
				2BEA6AFD21425A95003E8FEE /* Base */,
			);
			name = Main.storyboard;
			sourceTree = "<group>";
		};
		2BEA6B0121425A96003E8FEE /* LaunchScreen.storyboard */ = {
			isa = PBXVariantGroup;
			children = (
				2BEA6B0221425A96003E8FEE /* Base */,
			);
			name = LaunchScreen.storyboard;
			sourceTree = "<group>";
		};
/* End PBXVariantGroup section */

/* Begin XCBuildConfiguration section */
		2BEA6B0721425A96003E8FEE /* Debug */ = {
			isa = XCBuildConfiguration;
			buildSettings = {
				ALWAYS_SEARCH_USER_PATHS = NO;
				CLANG_ANALYZER_NONNULL = YES;
				CLANG_ANALYZER_NUMBER_OBJECT_CONVERSION = YES_AGGRESSIVE;
				CLANG_CXX_LANGUAGE_STANDARD = "gnu++14";
				CLANG_CXX_LIBRARY = "libc++";
				CLANG_ENABLE_MODULES = YES;
				CLANG_ENABLE_OBJC_ARC = YES;
				CLANG_ENABLE_OBJC_WEAK = YES;
				CLANG_WARN_BLOCK_CAPTURE_AUTORELEASING = YES;
				CLANG_WARN_BOOL_CONVERSION = YES;
				CLANG_WARN_COMMA = YES;
				CLANG_WARN_CONSTANT_CONVERSION = YES;
				CLANG_WARN_DEPRECATED_OBJC_IMPLEMENTATIONS = YES;
				CLANG_WARN_DIRECT_OBJC_ISA_USAGE = YES_ERROR;
				CLANG_WARN_DOCUMENTATION_COMMENTS = YES;
				CLANG_WARN_EMPTY_BODY = YES;
				CLANG_WARN_ENUM_CONVERSION = YES;
				CLANG_WARN_INFINITE_RECURSION = YES;
				CLANG_WARN_INT_CONVERSION = YES;
				CLANG_WARN_NON_LITERAL_NULL_CONVERSION = YES;
				CLANG_WARN_OBJC_IMPLICIT_RETAIN_SELF = YES;
				CLANG_WARN_OBJC_LITERAL_CONVERSION = YES;
				CLANG_WARN_OBJC_ROOT_CLASS = YES_ERROR;
				CLANG_WARN_RANGE_LOOP_ANALYSIS = YES;
				CLANG_WARN_STRICT_PROTOTYPES = YES;
				CLANG_WARN_SUSPICIOUS_MOVE = YES;
				CLANG_WARN_UNGUARDED_AVAILABILITY = YES_AGGRESSIVE;
				CLANG_WARN_UNREACHABLE_CODE = YES;
				CLANG_WARN__DUPLICATE_METHOD_MATCH = YES;
				CODE_SIGN_IDENTITY = "iPhone Developer";
				COPY_PHASE_STRIP = NO;
				DEBUG_INFORMATION_FORMAT = dwarf;
				ENABLE_STRICT_OBJC_MSGSEND = YES;
				ENABLE_TESTABILITY = YES;
				GCC_C_LANGUAGE_STANDARD = gnu11;
				GCC_DYNAMIC_NO_PIC = NO;
				GCC_NO_COMMON_BLOCKS = YES;
				GCC_OPTIMIZATION_LEVEL = 0;
				GCC_PREPROCESSOR_DEFINITIONS = (
					"DEBUG=1",
					"$(inherited)",
				);
				GCC_WARN_64_TO_32_BIT_CONVERSION = YES;
				GCC_WARN_ABOUT_RETURN_TYPE = YES_ERROR;
				GCC_WARN_UNDECLARED_SELECTOR = YES;
				GCC_WARN_UNINITIALIZED_AUTOS = YES_AGGRESSIVE;
				GCC_WARN_UNUSED_FUNCTION = YES;
				GCC_WARN_UNUSED_VARIABLE = YES;
				IPHONEOS_DEPLOYMENT_TARGET = 11.3;
				MTL_ENABLE_DEBUG_INFO = YES;
				ONLY_ACTIVE_ARCH = YES;
				SDKROOT = iphoneos;
			};
			name = Debug;
		};
		2BEA6B0821425A96003E8FEE /* Release */ = {
			isa = XCBuildConfiguration;
			buildSettings = {
				ALWAYS_SEARCH_USER_PATHS = NO;
				CLANG_ANALYZER_NONNULL = YES;
				CLANG_ANALYZER_NUMBER_OBJECT_CONVERSION = YES_AGGRESSIVE;
				CLANG_CXX_LANGUAGE_STANDARD = "gnu++14";
				CLANG_CXX_LIBRARY = "libc++";
				CLANG_ENABLE_MODULES = YES;
				CLANG_ENABLE_OBJC_ARC = YES;
				CLANG_ENABLE_OBJC_WEAK = YES;
				CLANG_WARN_BLOCK_CAPTURE_AUTORELEASING = YES;
				CLANG_WARN_BOOL_CONVERSION = YES;
				CLANG_WARN_COMMA = YES;
				CLANG_WARN_CONSTANT_CONVERSION = YES;
				CLANG_WARN_DEPRECATED_OBJC_IMPLEMENTATIONS = YES;
				CLANG_WARN_DIRECT_OBJC_ISA_USAGE = YES_ERROR;
				CLANG_WARN_DOCUMENTATION_COMMENTS = YES;
				CLANG_WARN_EMPTY_BODY = YES;
				CLANG_WARN_ENUM_CONVERSION = YES;
				CLANG_WARN_INFINITE_RECURSION = YES;
				CLANG_WARN_INT_CONVERSION = YES;
				CLANG_WARN_NON_LITERAL_NULL_CONVERSION = YES;
				CLANG_WARN_OBJC_IMPLICIT_RETAIN_SELF = YES;
				CLANG_WARN_OBJC_LITERAL_CONVERSION = YES;
				CLANG_WARN_OBJC_ROOT_CLASS = YES_ERROR;
				CLANG_WARN_RANGE_LOOP_ANALYSIS = YES;
				CLANG_WARN_STRICT_PROTOTYPES = YES;
				CLANG_WARN_SUSPICIOUS_MOVE = YES;
				CLANG_WARN_UNGUARDED_AVAILABILITY = YES_AGGRESSIVE;
				CLANG_WARN_UNREACHABLE_CODE = YES;
				CLANG_WARN__DUPLICATE_METHOD_MATCH = YES;
				CODE_SIGN_IDENTITY = "iPhone Developer";
				COPY_PHASE_STRIP = NO;
				DEBUG_INFORMATION_FORMAT = "dwarf-with-dsym";
				ENABLE_NS_ASSERTIONS = NO;
				ENABLE_STRICT_OBJC_MSGSEND = YES;
				GCC_C_LANGUAGE_STANDARD = gnu11;
				GCC_NO_COMMON_BLOCKS = YES;
				GCC_WARN_64_TO_32_BIT_CONVERSION = YES;
				GCC_WARN_ABOUT_RETURN_TYPE = YES_ERROR;
				GCC_WARN_UNDECLARED_SELECTOR = YES;
				GCC_WARN_UNINITIALIZED_AUTOS = YES_AGGRESSIVE;
				GCC_WARN_UNUSED_FUNCTION = YES;
				GCC_WARN_UNUSED_VARIABLE = YES;
				IPHONEOS_DEPLOYMENT_TARGET = 11.3;
				MTL_ENABLE_DEBUG_INFO = NO;
				SDKROOT = iphoneos;
				VALIDATE_PRODUCT = YES;
			};
			name = Release;
		};
		2BEA6B0A21425A96003E8FEE /* Debug */ = {
			isa = XCBuildConfiguration;
			buildSettings = {
				ASSETCATALOG_COMPILER_APPICON_NAME = AppIcon;
				CODE_SIGN_STYLE = Automatic;
				INFOPLIST_FILE = KDAVFoundationTest/Info.plist;
				LD_RUNPATH_SEARCH_PATHS = (
					"$(inherited)",
					"@executable_path/Frameworks",
				);
				PRODUCT_BUNDLE_IDENTIFIER = "-.KDAVFoundationTest";
				PRODUCT_NAME = "$(TARGET_NAME)";
				TARGETED_DEVICE_FAMILY = "1,2";
			};
			name = Debug;
		};
		2BEA6B0B21425A96003E8FEE /* Release */ = {
			isa = XCBuildConfiguration;
			buildSettings = {
				ASSETCATALOG_COMPILER_APPICON_NAME = AppIcon;
				CODE_SIGN_STYLE = Automatic;
				INFOPLIST_FILE = KDAVFoundationTest/Info.plist;
				LD_RUNPATH_SEARCH_PATHS = (
					"$(inherited)",
					"@executable_path/Frameworks",
				);
				PRODUCT_BUNDLE_IDENTIFIER = "-.KDAVFoundationTest";
				PRODUCT_NAME = "$(TARGET_NAME)";
				TARGETED_DEVICE_FAMILY = "1,2";
			};
			name = Release;
		};
/* End XCBuildConfiguration section */

/* Begin XCConfigurationList section */
		2BEA6AEE21425A95003E8FEE /* Build configuration list for PBXProject "KDAVFoundationTest" */ = {
			isa = XCConfigurationList;
			buildConfigurations = (
				2BEA6B0721425A96003E8FEE /* Debug */,
				2BEA6B0821425A96003E8FEE /* Release */,
			);
			defaultConfigurationIsVisible = 0;
			defaultConfigurationName = Release;
		};
		2BEA6B0921425A96003E8FEE /* Build configuration list for PBXNativeTarget "KDAVFoundationTest" */ = {
			isa = XCConfigurationList;
			buildConfigurations = (
				2BEA6B0A21425A96003E8FEE /* Debug */,
				2BEA6B0B21425A96003E8FEE /* Release */,
			);
			defaultConfigurationIsVisible = 0;
			defaultConfigurationName = Release;
		};
/* End XCConfigurationList section */
	};
	rootObject = 2BEA6AEB21425A95003E8FEE /* Project object */;
}
